// !$*UTF8*$!
{
	archiveVersion = 1;
	classes = {
	};
	objectVersion = 63;
	objects = {

/* Begin PBXBuildFile section */
		03301C31DFBA8A86AEC51208 /* Constants.swift in Sources */ = {isa = PBXBuildFile; fileRef = 5CA32B31175771274C2E36D6 /* Constants.swift */; };
		04F289077716C1C789F55AD4 /* DeviceIconMapper.swift in Sources */ = {isa = PBXBuildFile; fileRef = 52534DF47B05C420FC8580B4 /* DeviceIconMapper.swift */; };
		0D309D330274A42A17DCE271 /* ContentView.swift in Sources */ = {isa = PBXBuildFile; fileRef = 31897486CE25AED86048F440 /* ContentView.swift */; };
		0FF702E34A2C99FF7AD23C6B /* Constants.swift in Sources */ = {isa = PBXBuildFile; fileRef = 5CA32B31175771274C2E36D6 /* Constants.swift */; };
		16A968280A5F2E5E19A2CFCA /* DeviceIconMapper.swift in Sources */ = {isa = PBXBuildFile; fileRef = 52534DF47B05C420FC8580B4 /* DeviceIconMapper.swift */; };
		1F97B6FF95EC47A0B7F7CE81 /* TriggerLiveActivityIntent.swift in Sources */ = {isa = PBXBuildFile; fileRef = EDDCA21E80813CE5F7BA807C /* TriggerLiveActivityIntent.swift */; };
		308C26254B7DF57A00528752 /* BluetoothIslandShortcuts.swift in Sources */ = {isa = PBXBuildFile; fileRef = 4F342B451F940292738B0579 /* BluetoothIslandShortcuts.swift */; };
		37AA9F307F8B8BDF2B352736 /* NotificationManager.swift in Sources */ = {isa = PBXBuildFile; fileRef = 01A6B43949DD85CC333FC61E /* NotificationManager.swift */; };
		3AB627E0C80CA24839CFBFCC /* Duration.swift in Sources */ = {isa = PBXBuildFile; fileRef = 613D535C15CE1418F437E881 /* Duration.swift */; };
		55A262242076329E1AA99A80 /* BluetoothIslandWidget.appex in Embed Foundation Extensions */ = {isa = PBXBuildFile; fileRef = 05626EA36FA02ED2DA71653B /* BluetoothIslandWidget.appex */; settings = {ATTRIBUTES = (RemoveHeadersOnCopy, ); }; };
		62BF3650CE1A63E6427E949E /* DeviceType.swift in Sources */ = {isa = PBXBuildFile; fileRef = E4F187F798FCE3EBB1847FE1 /* DeviceType.swift */; };
		7D6032B3FFDDC054291986E6 /* Extensions.swift in Sources */ = {isa = PBXBuildFile; fileRef = 57A0A24FAB9771A1C63662A9 /* Extensions.swift */; };
		8C077D173AA9BF3560AB40DC /* BluetoothLiveActivity.swift in Sources */ = {isa = PBXBuildFile; fileRef = DAA403A332033035E7CC24A2 /* BluetoothLiveActivity.swift */; };
		9E221A43E277A345B845869E /* BluetoothActivityAttributes.swift in Sources */ = {isa = PBXBuildFile; fileRef = DFF08248FC11AA9E4171B0C6 /* BluetoothActivityAttributes.swift */; };
		BD347DA2CF5731EE0525A88E /* TriggerNotificationIntent.swift in Sources */ = {isa = PBXBuildFile; fileRef = A39665BBDBC0DE62896298EA /* TriggerNotificationIntent.swift */; };
		C7E2D46D83F758AF66A8A8E8 /* BluetoothIslandApp.swift in Sources */ = {isa = PBXBuildFile; fileRef = FDC36A12684018EC0D24E665 /* BluetoothIslandApp.swift */; };
		CCC6D6E7580867F0F3FC2F77 /* Assets.xcassets in Resources */ = {isa = PBXBuildFile; fileRef = AA14E531662D1259008038C5 /* Assets.xcassets */; };
		F093296C4A87E295F7FC38A1 /* BluetoothActivityAttributes.swift in Sources */ = {isa = PBXBuildFile; fileRef = DFF08248FC11AA9E4171B0C6 /* BluetoothActivityAttributes.swift */; };
/* End PBXBuildFile section */

/* Begin PBXContainerItemProxy section */
		39246952661A020CD432FB2B /* PBXContainerItemProxy */ = {
			isa = PBXContainerItemProxy;
			containerPortal = 88F7D0B197A7A9A77158269B /* Project object */;
			proxyType = 1;
			remoteGlobalIDString = EB7D9AA71CC7702570852EB5;
			remoteInfo = BluetoothIslandWidget;
		};
/* End PBXContainerItemProxy section */

/* Begin PBXCopyFilesBuildPhase section */
		EC9AE055A6FC7FBC459C7A75 /* Embed Foundation Extensions */ = {
			isa = PBXCopyFilesBuildPhase;
			buildActionMask = 2147483647;
			dstPath = "";
			dstSubfolderSpec = 13;
			files = (
				55A262242076329E1AA99A80 /* BluetoothIslandWidget.appex in Embed Foundation Extensions */,
			);
			name = "Embed Foundation Extensions";
			runOnlyForDeploymentPostprocessing = 0;
		};
/* End PBXCopyFilesBuildPhase section */

/* Begin PBXFileReference section */
		01A6B43949DD85CC333FC61E /* NotificationManager.swift */ = {isa = PBXFileReference; lastKnownFileType = sourcecode.swift; path = NotificationManager.swift; sourceTree = "<group>"; };
		05626EA36FA02ED2DA71653B /* BluetoothIslandWidget.appex */ = {isa = PBXFileReference; explicitFileType = "wrapper.app-extension"; includeInIndex = 0; path = BluetoothIslandWidget.appex; sourceTree = BUILT_PRODUCTS_DIR; };
		31897486CE25AED86048F440 /* ContentView.swift */ = {isa = PBXFileReference; lastKnownFileType = sourcecode.swift; path = ContentView.swift; sourceTree = "<group>"; };
		4F342B451F940292738B0579 /* BluetoothIslandShortcuts.swift */ = {isa = PBXFileReference; lastKnownFileType = sourcecode.swift; path = BluetoothIslandShortcuts.swift; sourceTree = "<group>"; };
		52534DF47B05C420FC8580B4 /* DeviceIconMapper.swift */ = {isa = PBXFileReference; lastKnownFileType = sourcecode.swift; path = DeviceIconMapper.swift; sourceTree = "<group>"; };
		57A0A24FAB9771A1C63662A9 /* Extensions.swift */ = {isa = PBXFileReference; lastKnownFileType = sourcecode.swift; path = Extensions.swift; sourceTree = "<group>"; };
		5A0AC943FCBFEAC3D3DAEBB5 /* Info.plist */ = {isa = PBXFileReference; lastKnownFileType = text.plist; path = Info.plist; sourceTree = "<group>"; };
		5CA32B31175771274C2E36D6 /* Constants.swift */ = {isa = PBXFileReference; lastKnownFileType = sourcecode.swift; path = Constants.swift; sourceTree = "<group>"; };
		613D535C15CE1418F437E881 /* Duration.swift */ = {isa = PBXFileReference; lastKnownFileType = sourcecode.swift; path = Duration.swift; sourceTree = "<group>"; };
		62C5D7EF962DF823792DD1D0 /* BluetoothIslandWidget.entitlements */ = {isa = PBXFileReference; lastKnownFileType = text.plist.entitlements; path = BluetoothIslandWidget.entitlements; sourceTree = "<group>"; };
		A39665BBDBC0DE62896298EA /* TriggerNotificationIntent.swift */ = {isa = PBXFileReference; lastKnownFileType = sourcecode.swift; path = TriggerNotificationIntent.swift; sourceTree = "<group>"; };
		AA14E531662D1259008038C5 /* Assets.xcassets */ = {isa = PBXFileReference; lastKnownFileType = folder.assetcatalog; path = Assets.xcassets; sourceTree = "<group>"; };
		AD8C15E8C607C90526126217 /* Bluetooth-Island.entitlements */ = {isa = PBXFileReference; lastKnownFileType = text.plist.entitlements; path = "Bluetooth-Island.entitlements"; sourceTree = "<group>"; };
		B731D83112D4F9660A9E38E4 /* Bluetooth-Island.app */ = {isa = PBXFileReference; explicitFileType = wrapper.application; includeInIndex = 0; path = "Bluetooth-Island.app"; sourceTree = BUILT_PRODUCTS_DIR; };
		DAA403A332033035E7CC24A2 /* BluetoothLiveActivity.swift */ = {isa = PBXFileReference; lastKnownFileType = sourcecode.swift; path = BluetoothLiveActivity.swift; sourceTree = "<group>"; };
		DFF08248FC11AA9E4171B0C6 /* BluetoothActivityAttributes.swift */ = {isa = PBXFileReference; lastKnownFileType = sourcecode.swift; path = BluetoothActivityAttributes.swift; sourceTree = "<group>"; };
		E4F187F798FCE3EBB1847FE1 /* DeviceType.swift */ = {isa = PBXFileReference; lastKnownFileType = sourcecode.swift; path = DeviceType.swift; sourceTree = "<group>"; };
		ED2DDC72EB8FD5FC63A076E9 /* Info.plist */ = {isa = PBXFileReference; lastKnownFileType = text.plist; path = Info.plist; sourceTree = "<group>"; };
		EDDCA21E80813CE5F7BA807C /* TriggerLiveActivityIntent.swift */ = {isa = PBXFileReference; lastKnownFileType = sourcecode.swift; path = TriggerLiveActivityIntent.swift; sourceTree = "<group>"; };
		FDC36A12684018EC0D24E665 /* BluetoothIslandApp.swift */ = {isa = PBXFileReference; lastKnownFileType = sourcecode.swift; path = BluetoothIslandApp.swift; sourceTree = "<group>"; };
/* End PBXFileReference section */

/* Begin PBXGroup section */
		0E9959C621038A9DF89FEF10 /* Models */ = {
			isa = PBXGroup;
			children = (
				DFF08248FC11AA9E4171B0C6 /* BluetoothActivityAttributes.swift */,
				E4F187F798FCE3EBB1847FE1 /* DeviceType.swift */,
				613D535C15CE1418F437E881 /* Duration.swift */,
			);
			path = Models;
			sourceTree = "<group>";
		};
		284E20466C783E704C8BE989 /* Shared */ = {
			isa = PBXGroup;
			children = (
				5CA32B31175771274C2E36D6 /* Constants.swift */,
				52534DF47B05C420FC8580B4 /* DeviceIconMapper.swift */,
				57A0A24FAB9771A1C63662A9 /* Extensions.swift */,
			);
			path = Shared;
			sourceTree = "<group>";
		};
		41566488B10038A365FBF479 /* Bluetooth-Island */ = {
			isa = PBXGroup;
			children = (
				9A1115C2665CF1C7BAE23128 /* Intents */,
				B003B5A94474015331DCBA8B /* Managers */,
				0E9959C621038A9DF89FEF10 /* Models */,
				284E20466C783E704C8BE989 /* Shared */,
				6C229B02EDEE85E8A813C98C /* Shortcuts */,
				505ABAD49FC81A837FF7F588 /* Views */,
				AA14E531662D1259008038C5 /* Assets.xcassets */,
				AD8C15E8C607C90526126217 /* Bluetooth-Island.entitlements */,
				FDC36A12684018EC0D24E665 /* BluetoothIslandApp.swift */,
				5A0AC943FCBFEAC3D3DAEBB5 /* Info.plist */,
			);
			path = "Bluetooth-Island";
			sourceTree = "<group>";
		};
		505ABAD49FC81A837FF7F588 /* Views */ = {
			isa = PBXGroup;
			children = (
				31897486CE25AED86048F440 /* ContentView.swift */,
			);
			path = Views;
			sourceTree = "<group>";
		};
		6C229B02EDEE85E8A813C98C /* Shortcuts */ = {
			isa = PBXGroup;
			children = (
				4F342B451F940292738B0579 /* BluetoothIslandShortcuts.swift */,
			);
			path = Shortcuts;
			sourceTree = "<group>";
		};
		6D08C59EC058C38A4CFD3E36 /* Products */ = {
			isa = PBXGroup;
			children = (
				B731D83112D4F9660A9E38E4 /* Bluetooth-Island.app */,
				05626EA36FA02ED2DA71653B /* BluetoothIslandWidget.appex */,
			);
			name = Products;
			sourceTree = "<group>";
		};
		9A1115C2665CF1C7BAE23128 /* Intents */ = {
			isa = PBXGroup;
			children = (
				EDDCA21E80813CE5F7BA807C /* TriggerLiveActivityIntent.swift */,
				A39665BBDBC0DE62896298EA /* TriggerNotificationIntent.swift */,
			);
			path = Intents;
			sourceTree = "<group>";
		};
		9D6D4F1EC7404C4730495920 /* BluetoothIslandWidget */ = {
			isa = PBXGroup;
			children = (
				62C5D7EF962DF823792DD1D0 /* BluetoothIslandWidget.entitlements */,
				DAA403A332033035E7CC24A2 /* BluetoothLiveActivity.swift */,
				ED2DDC72EB8FD5FC63A076E9 /* Info.plist */,
			);
			path = BluetoothIslandWidget;
			sourceTree = "<group>";
		};
		B003B5A94474015331DCBA8B /* Managers */ = {
			isa = PBXGroup;
			children = (
				01A6B43949DD85CC333FC61E /* NotificationManager.swift */,
			);
			path = Managers;
			sourceTree = "<group>";
		};
		DF5672387563172160F2EF4C = {
			isa = PBXGroup;
			children = (
				41566488B10038A365FBF479 /* Bluetooth-Island */,
				9D6D4F1EC7404C4730495920 /* BluetoothIslandWidget */,
				6D08C59EC058C38A4CFD3E36 /* Products */,
			);
			sourceTree = "<group>";
		};
/* End PBXGroup section */

/* Begin PBXNativeTarget section */
		B0ADEC91C0DDF905BA51A8C9 /* Bluetooth-Island */ = {
			isa = PBXNativeTarget;
			buildConfigurationList = 2AFDDB8C83D0D28D985E6084 /* Build configuration list for PBXNativeTarget "Bluetooth-Island" */;
			buildPhases = (
				716769916B5A46FC3EEF348F /* Sources */,
				8BD693AC8423671537ACFE1E /* Resources */,
				EC9AE055A6FC7FBC459C7A75 /* Embed Foundation Extensions */,
			);
			buildRules = (
			);
			dependencies = (
				365316718EE46A52E5923F05 /* PBXTargetDependency */,
			);
			name = "Bluetooth-Island";
			packageProductDependencies = (
			);
			productName = "Bluetooth-Island";
			productReference = B731D83112D4F9660A9E38E4 /* Bluetooth-Island.app */;
			productType = "com.apple.product-type.application";
		};
		EB7D9AA71CC7702570852EB5 /* BluetoothIslandWidget */ = {
			isa = PBXNativeTarget;
			buildConfigurationList = BA5C01F5087066F81F25E134 /* Build configuration list for PBXNativeTarget "BluetoothIslandWidget" */;
			buildPhases = (
				833EF4FC74268D14680BDB21 /* Sources */,
			);
			buildRules = (
			);
			dependencies = (
			);
			name = BluetoothIslandWidget;
			packageProductDependencies = (
			);
			productName = BluetoothIslandWidget;
			productReference = 05626EA36FA02ED2DA71653B /* BluetoothIslandWidget.appex */;
			productType = "com.apple.product-type.app-extension";
		};
/* End PBXNativeTarget section */

/* Begin PBXProject section */
		88F7D0B197A7A9A77158269B /* Project object */ = {
			isa = PBXProject;
			attributes = {
				BuildIndependentTargetsInParallel = YES;
				LastUpgradeCheck = 1430;
				TargetAttributes = {
					B0ADEC91C0DDF905BA51A8C9 = {
						ProvisioningStyle = Automatic;
					};
					EB7D9AA71CC7702570852EB5 = {
						ProvisioningStyle = Automatic;
					};
				};
			};
			buildConfigurationList = EA1139480D73463D18598097 /* Build configuration list for PBXProject "Bluetooth-Island" */;
			compatibilityVersion = "Xcode 14.0";
			developmentRegion = en;
			hasScannedForEncodings = 0;
			knownRegions = (
				Base,
				en,
			);
			mainGroup = DF5672387563172160F2EF4C;
			minimizedProjectReferenceProxies = 1;
			projectDirPath = "";
			projectRoot = "";
			targets = (
				B0ADEC91C0DDF905BA51A8C9 /* Bluetooth-Island */,
				EB7D9AA71CC7702570852EB5 /* BluetoothIslandWidget */,
			);
		};
/* End PBXProject section */

/* Begin PBXResourcesBuildPhase section */
		8BD693AC8423671537ACFE1E /* Resources */ = {
			isa = PBXResourcesBuildPhase;
			buildActionMask = 2147483647;
			files = (
				CCC6D6E7580867F0F3FC2F77 /* Assets.xcassets in Resources */,
			);
			runOnlyForDeploymentPostprocessing = 0;
		};
/* End PBXResourcesBuildPhase section */

/* Begin PBXSourcesBuildPhase section */
		716769916B5A46FC3EEF348F /* Sources */ = {
			isa = PBXSourcesBuildPhase;
			buildActionMask = 2147483647;
			files = (
				9E221A43E277A345B845869E /* BluetoothActivityAttributes.swift in Sources */,
				C7E2D46D83F758AF66A8A8E8 /* BluetoothIslandApp.swift in Sources */,
				308C26254B7DF57A00528752 /* BluetoothIslandShortcuts.swift in Sources */,
				03301C31DFBA8A86AEC51208 /* Constants.swift in Sources */,
				0D309D330274A42A17DCE271 /* ContentView.swift in Sources */,
				04F289077716C1C789F55AD4 /* DeviceIconMapper.swift in Sources */,
				62BF3650CE1A63E6427E949E /* DeviceType.swift in Sources */,
				3AB627E0C80CA24839CFBFCC /* Duration.swift in Sources */,
				7D6032B3FFDDC054291986E6 /* Extensions.swift in Sources */,
				37AA9F307F8B8BDF2B352736 /* NotificationManager.swift in Sources */,
				1F97B6FF95EC47A0B7F7CE81 /* TriggerLiveActivityIntent.swift in Sources */,
				BD347DA2CF5731EE0525A88E /* TriggerNotificationIntent.swift in Sources */,
			);
			runOnlyForDeploymentPostprocessing = 0;
		};
		833EF4FC74268D14680BDB21 /* Sources */ = {
			isa = PBXSourcesBuildPhase;
			buildActionMask = 2147483647;
			files = (
				F093296C4A87E295F7FC38A1 /* BluetoothActivityAttributes.swift in Sources */,
				8C077D173AA9BF3560AB40DC /* BluetoothLiveActivity.swift in Sources */,
				0FF702E34A2C99FF7AD23C6B /* Constants.swift in Sources */,
				16A968280A5F2E5E19A2CFCA /* DeviceIconMapper.swift in Sources */,
			);
			runOnlyForDeploymentPostprocessing = 0;
		};
/* End PBXSourcesBuildPhase section */

/* Begin PBXTargetDependency section */
		365316718EE46A52E5923F05 /* PBXTargetDependency */ = {
			isa = PBXTargetDependency;
			target = EB7D9AA71CC7702570852EB5 /* BluetoothIslandWidget */;
			targetProxy = 39246952661A020CD432FB2B /* PBXContainerItemProxy */;
		};
/* End PBXTargetDependency section */

/* Begin XCBuildConfiguration section */
		02CABBD4C3E0FF4DE4DD25FC /* Debug */ = {
			isa = XCBuildConfiguration;
			buildSettings = {
				CODE_SIGN_ENTITLEMENTS = BluetoothIslandWidget/BluetoothIslandWidget.entitlements;
				CODE_SIGN_STYLE = Automatic;
				DEVELOPMENT_TEAM = BMRNGRW6CG;
				ENABLE_PREVIEWS = YES;
				INFOPLIST_FILE = BluetoothIslandWidget/Info.plist;
				LD_RUNPATH_SEARCH_PATHS = (
					"$(inherited)",
					"@executable_path/Frameworks",
					"@executable_path/../../Frameworks",
				);
				PRODUCT_BUNDLE_IDENTIFIER = com.lazco.BluetoothIsland.BluetoothIslandWidget;
				SDKROOT = iphoneos;
				SWIFT_VERSION = 5.9;
				TARGETED_DEVICE_FAMILY = 1;
			};
			name = Debug;
		};
		12930E8A7785DA6DC96B38E3 /* Debug */ = {
			isa = XCBuildConfiguration;
			buildSettings = {
				ASSETCATALOG_COMPILER_APPICON_NAME = AppIcon;
				CODE_SIGN_ENTITLEMENTS = "Bluetooth-Island/Bluetooth-Island.entitlements";
				CODE_SIGN_IDENTITY = "iPhone Developer";
				CODE_SIGN_STYLE = Automatic;
				DEVELOPMENT_TEAM = BMRNGRW6CG;
				ENABLE_PREVIEWS = YES;
				INFOPLIST_FILE = "Bluetooth-Island/Info.plist";
				LD_RUNPATH_SEARCH_PATHS = (
					"$(inherited)",
					"@executable_path/Frameworks",
				);
				PRODUCT_BUNDLE_IDENTIFIER = com.lazco.BluetoothIsland;
				SDKROOT = iphoneos;
				SWIFT_VERSION = 5.9;
				TARGETED_DEVICE_FAMILY = 1;
			};
			name = Debug;
		};
		7766DECDE1DEFBF43BFB1F90 /* Debug */ = {
			isa = XCBuildConfiguration;
			buildSettings = {
				ALWAYS_SEARCH_USER_PATHS = NO;
				CLANG_ANALYZER_NONNULL = YES;
				CLANG_ANALYZER_NUMBER_OBJECT_CONVERSION = YES_AGGRESSIVE;
				CLANG_CXX_LANGUAGE_STANDARD = "gnu++14";
				CLANG_CXX_LIBRARY = "libc++";
				CLANG_ENABLE_MODULES = YES;
				CLANG_ENABLE_OBJC_ARC = YES;
				CLANG_ENABLE_OBJC_WEAK = YES;
				CLANG_WARN_BLOCK_CAPTURE_AUTORELEASING = YES;
				CLANG_WARN_BOOL_CONVERSION = YES;
				CLANG_WARN_COMMA = YES;
				CLANG_WARN_CONSTANT_CONVERSION = YES;
				CLANG_WARN_DEPRECATED_OBJC_IMPLEMENTATIONS = YES;
				CLANG_WARN_DIRECT_OBJC_ISA_USAGE = YES_ERROR;
				CLANG_WARN_DOCUMENTATION_COMMENTS = YES;
				CLANG_WARN_EMPTY_BODY = YES;
				CLANG_WARN_ENUM_CONVERSION = YES;
				CLANG_WARN_INFINITE_RECURSION = YES;
				CLANG_WARN_INT_CONVERSION = YES;
				CLANG_WARN_NON_LITERAL_NULL_CONVERSION = YES;
				CLANG_WARN_OBJC_IMPLICIT_RETAIN_SELF = YES;
				CLANG_WARN_OBJC_LITERAL_CONVERSION = YES;
				CLANG_WARN_OBJC_ROOT_CLASS = YES_ERROR;
				CLANG_WARN_QUOTED_INCLUDE_IN_FRAMEWORK_HEADER = YES;
				CLANG_WARN_RANGE_LOOP_ANALYSIS = YES;
				CLANG_WARN_STRICT_PROTOTYPES = YES;
				CLANG_WARN_SUSPICIOUS_MOVE = YES;
				CLANG_WARN_UNGUARDED_AVAILABILITY = YES_AGGRESSIVE;
				CLANG_WARN_UNREACHABLE_CODE = YES;
				CLANG_WARN__DUPLICATE_METHOD_MATCH = YES;
				COPY_PHASE_STRIP = NO;
				CURRENT_PROJECT_VERSION = 1;
				DEBUG_INFORMATION_FORMAT = dwarf;
				ENABLE_STRICT_OBJC_MSGSEND = YES;
				ENABLE_TESTABILITY = YES;
				GCC_C_LANGUAGE_STANDARD = gnu11;
				GCC_DYNAMIC_NO_PIC = NO;
				GCC_NO_COMMON_BLOCKS = YES;
				GCC_OPTIMIZATION_LEVEL = 0;
				GCC_PREPROCESSOR_DEFINITIONS = (
					"$(inherited)",
					"DEBUG=1",
				);
				GCC_WARN_64_TO_32_BIT_CONVERSION = YES;
				GCC_WARN_ABOUT_RETURN_TYPE = YES_ERROR;
				GCC_WARN_UNDECLARED_SELECTOR = YES;
				GCC_WARN_UNINITIALIZED_AUTOS = YES_AGGRESSIVE;
				GCC_WARN_UNUSED_FUNCTION = YES;
				GCC_WARN_UNUSED_VARIABLE = YES;
				IPHONEOS_DEPLOYMENT_TARGET = 16.2;
				MARKETING_VERSION = 1.0;
				MTL_ENABLE_DEBUG_INFO = INCLUDE_SOURCE;
				MTL_FAST_MATH = YES;
				ONLY_ACTIVE_ARCH = YES;
				PRODUCT_NAME = "$(TARGET_NAME)";
				SDKROOT = iphoneos;
				SWIFT_ACTIVE_COMPILATION_CONDITIONS = DEBUG;
				SWIFT_OPTIMIZATION_LEVEL = "-Onone";
				SWIFT_VERSION = 5.9;
			};
			name = Debug;
		};
		A1C069CA8338CB5C24D82505 /* Release */ = {
			isa = XCBuildConfiguration;
			buildSettings = {
				CODE_SIGN_ENTITLEMENTS = BluetoothIslandWidget/BluetoothIslandWidget.entitlements;
				CODE_SIGN_STYLE = Automatic;
				DEVELOPMENT_TEAM = BMRNGRW6CG;
				ENABLE_PREVIEWS = YES;
				INFOPLIST_FILE = BluetoothIslandWidget/Info.plist;
				LD_RUNPATH_SEARCH_PATHS = (
					"$(inherited)",
					"@executable_path/Frameworks",
					"@executable_path/../../Frameworks",
				);
				PRODUCT_BUNDLE_IDENTIFIER = com.lazco.BluetoothIsland.BluetoothIslandWidget;
				SDKROOT = iphoneos;
				SWIFT_VERSION = 5.9;
				TARGETED_DEVICE_FAMILY = 1;
			};
			name = Release;
		};
		D4116B72C8253D995528A8F4 /* Release */ = {
			isa = XCBuildConfiguration;
			buildSettings = {
				ALWAYS_SEARCH_USER_PATHS = NO;
				CLANG_ANALYZER_NONNULL = YES;
				CLANG_ANALYZER_NUMBER_OBJECT_CONVERSION = YES_AGGRESSIVE;
				CLANG_CXX_LANGUAGE_STANDARD = "gnu++14";
				CLANG_CXX_LIBRARY = "libc++";
				CLANG_ENABLE_MODULES = YES;
				CLANG_ENABLE_OBJC_ARC = YES;
				CLANG_ENABLE_OBJC_WEAK = YES;
				CLANG_WARN_BLOCK_CAPTURE_AUTORELEASING = YES;
				CLANG_WARN_BOOL_CONVERSION = YES;
				CLANG_WARN_COMMA = YES;
				CLANG_WARN_CONSTANT_CONVERSION = YES;
				CLANG_WARN_DEPRECATED_OBJC_IMPLEMENTATIONS = YES;
				CLANG_WARN_DIRECT_OBJC_ISA_USAGE = YES_ERROR;
				CLANG_WARN_DOCUMENTATION_COMMENTS = YES;
				CLANG_WARN_EMPTY_BODY = YES;
				CLANG_WARN_ENUM_CONVERSION = YES;
				CLANG_WARN_INFINITE_RECURSION = YES;
				CLANG_WARN_INT_CONVERSION = YES;
				CLANG_WARN_NON_LITERAL_NULL_CONVERSION = YES;
				CLANG_WARN_OBJC_IMPLICIT_RETAIN_SELF = YES;
				CLANG_WARN_OBJC_LITERAL_CONVERSION = YES;
				CLANG_WARN_OBJC_ROOT_CLASS = YES_ERROR;
				CLANG_WARN_QUOTED_INCLUDE_IN_FRAMEWORK_HEADER = YES;
				CLANG_WARN_RANGE_LOOP_ANALYSIS = YES;
				CLANG_WARN_STRICT_PROTOTYPES = YES;
				CLANG_WARN_SUSPICIOUS_MOVE = YES;
				CLANG_WARN_UNGUARDED_AVAILABILITY = YES_AGGRESSIVE;
				CLANG_WARN_UNREACHABLE_CODE = YES;
				CLANG_WARN__DUPLICATE_METHOD_MATCH = YES;
				COPY_PHASE_STRIP = NO;
				CURRENT_PROJECT_VERSION = 1;
				DEBUG_INFORMATION_FORMAT = "dwarf-with-dsym";
				ENABLE_NS_ASSERTIONS = NO;
				ENABLE_STRICT_OBJC_MSGSEND = YES;
				GCC_C_LANGUAGE_STANDARD = gnu11;
				GCC_NO_COMMON_BLOCKS = YES;
				GCC_WARN_64_TO_32_BIT_CONVERSION = YES;
				GCC_WARN_ABOUT_RETURN_TYPE = YES_ERROR;
				GCC_WARN_UNDECLARED_SELECTOR = YES;
				GCC_WARN_UNINITIALIZED_AUTOS = YES_AGGRESSIVE;
				GCC_WARN_UNUSED_FUNCTION = YES;
				GCC_WARN_UNUSED_VARIABLE = YES;
				IPHONEOS_DEPLOYMENT_TARGET = 16.2;
				MARKETING_VERSION = 1.0;
				MTL_ENABLE_DEBUG_INFO = NO;
				MTL_FAST_MATH = YES;
				PRODUCT_NAME = "$(TARGET_NAME)";
				SDKROOT = iphoneos;
				SWIFT_COMPILATION_MODE = wholemodule;
				SWIFT_OPTIMIZATION_LEVEL = "-O";
				SWIFT_VERSION = 5.9;
			};
			name = Release;
		};
		FB3A0D4BFE0821C76D5215E0 /* Release */ = {
			isa = XCBuildConfiguration;
			buildSettings = {
				ASSETCATALOG_COMPILER_APPICON_NAME = AppIcon;
				CODE_SIGN_ENTITLEMENTS = "Bluetooth-Island/Bluetooth-Island.entitlements";
				CODE_SIGN_IDENTITY = "iPhone Developer";
				CODE_SIGN_STYLE = Automatic;
				DEVELOPMENT_TEAM = BMRNGRW6CG;
				ENABLE_PREVIEWS = YES;
				INFOPLIST_FILE = "Bluetooth-Island/Info.plist";
				LD_RUNPATH_SEARCH_PATHS = (
					"$(inherited)",
					"@executable_path/Frameworks",
				);
				PRODUCT_BUNDLE_IDENTIFIER = com.lazco.BluetoothIsland;
				SDKROOT = iphoneos;
				SWIFT_VERSION = 5.9;
				TARGETED_DEVICE_FAMILY = 1;
			};
			name = Release;
		};
/* End XCBuildConfiguration section */

/* Begin XCConfigurationList section */
		2AFDDB8C83D0D28D985E6084 /* Build configuration list for PBXNativeTarget "Bluetooth-Island" */ = {
			isa = XCConfigurationList;
			buildConfigurations = (
				12930E8A7785DA6DC96B38E3 /* Debug */,
				FB3A0D4BFE0821C76D5215E0 /* Release */,
			);
			defaultConfigurationIsVisible = 0;
			defaultConfigurationName = Debug;
		};
		BA5C01F5087066F81F25E134 /* Build configuration list for PBXNativeTarget "BluetoothIslandWidget" */ = {
			isa = XCConfigurationList;
			buildConfigurations = (
				02CABBD4C3E0FF4DE4DD25FC /* Debug */,
				A1C069CA8338CB5C24D82505 /* Release */,
			);
			defaultConfigurationIsVisible = 0;
			defaultConfigurationName = Debug;
		};
		EA1139480D73463D18598097 /* Build configuration list for PBXProject "Bluetooth-Island" */ = {
			isa = XCConfigurationList;
			buildConfigurations = (
				7766DECDE1DEFBF43BFB1F90 /* Debug */,
				D4116B72C8253D995528A8F4 /* Release */,
			);
			defaultConfigurationIsVisible = 0;
			defaultConfigurationName = Debug;
		};
/* End XCConfigurationList section */
	};
	rootObject = 88F7D0B197A7A9A77158269B /* Project object */;
}
